PATH
  remote: .
  specs:
    db_structure_ext (0.0.1)

GEM
  remote: http://rubygems.org/
  specs:
    activerecord (1.15.6)
      activesupport (= 1.4.4)
    activesupport (1.4.4)
    mysql (2.7)
    rspec (1.1.12)

PLATFORMS
  ruby

DEPENDENCIES
  activerecord (= 1.15.6)
  db_structure_ext!
  mysql (= 2.7)
  rspec (= 1.1.12)
